
Microsoft Visual Studio Solution File, Format Version 12.00
# Visual Studio Version 16
VisualStudioVersion = 16.0.29326.143
MinimumVisualStudioVersion = 10.0.40219.1
Project("{9A19103F-16F7-4668-BE54-9A1E7A4F7556}") = "Cegeka.Guild.Pokeverse.Persistence.InMemory", "Cegeka.Guild.Pokeverse.DAL\Cegeka.Guild.Pokeverse.Persistence.InMemory.csproj", "{38348B4F-EEFA-47BB-A484-C709AE5CD037}"
EndProject
Project("{9A19103F-16F7-4668-BE54-9A1E7A4F7556}") = "Cegeka.Guild.Pokeverse.Business", "Cegeka.Guild.Pokeverse.BLL\Cegeka.Guild.Pokeverse.Business.csproj", "{0765F279-4E84-46A9-946D-D39FD507A433}"
EndProject
Project("{9A19103F-16F7-4668-BE54-9A1E7A4F7556}") = "Cegeka.Guild.Pokeverse.Api", "Cegeka.Guild.Pokeverse.Api\Cegeka.Guild.Pokeverse.Api.csproj", "{C99C0CE6-1D38-44F9-8C73-D9CB3E0F05CD}"
EndProject
Project("{2150E333-8FDC-42A3-9474-1A3956D46DE8}") = "01. Presentation", "01. Presentation", "{4DBF4A9A-ADE8-4B73-945C-FEE6ADF83199}"
EndProject
Project("{2150E333-8FDC-42A3-9474-1A3956D46DE8}") = "02. Infrastructure", "02. Infrastructure", "{AD9302A1-7ED8-48F0-805F-392F9FA90143}"
EndProject
Project("{2150E333-8FDC-42A3-9474-1A3956D46DE8}") = "03. Core", "03. Core", "{F4821C9F-C6B5-4147-B2D5-57C7DE473C21}"
EndProject
Project("{9A19103F-16F7-4668-BE54-9A1E7A4F7556}") = "Cegeka.Guild.Pokeverse.Domain", "Cegeka.Guild.Pokevers.Domain\Cegeka.Guild.Pokeverse.Domain.csproj", "{C08697AF-EC03-423C-A3F1-1DEC9D1F49F2}"
EndProject
Global
	GlobalSection(SolutionConfigurationPlatforms) = preSolution
		Debug|Any CPU = Debug|Any CPU
		Release|Any CPU = Release|Any CPU
	EndGlobalSection
	GlobalSection(ProjectConfigurationPlatforms) = postSolution
		{38348B4F-EEFA-47BB-A484-C709AE5CD037}.Debug|Any CPU.ActiveCfg = Debug|Any CPU
		{38348B4F-EEFA-47BB-A484-C709AE5CD037}.Debug|Any CPU.Build.0 = Debug|Any CPU
		{38348B4F-EEFA-47BB-A484-C709AE5CD037}.Release|Any CPU.ActiveCfg = Release|Any CPU
		{38348B4F-EEFA-47BB-A484-C709AE5CD037}.Release|Any CPU.Build.0 = Release|Any CPU
		{0765F279-4E84-46A9-946D-D39FD507A433}.Debug|Any CPU.ActiveCfg = Debug|Any CPU
		{0765F279-4E84-46A9-946D-D39FD507A433}.Debug|Any CPU.Build.0 = Debug|Any CPU
		{0765F279-4E84-46A9-946D-D39FD507A433}.Release|Any CPU.ActiveCfg = Release|Any CPU
		{0765F279-4E84-46A9-946D-D39FD507A433}.Release|Any CPU.Build.0 = Release|Any CPU
		{C99C0CE6-1D38-44F9-8C73-D9CB3E0F05CD}.Debug|Any CPU.ActiveCfg = Debug|Any CPU
		{C99C0CE6-1D38-44F9-8C73-D9CB3E0F05CD}.Debug|Any CPU.Build.0 = Debug|Any CPU
		{C99C0CE6-1D38-44F9-8C73-D9CB3E0F05CD}.Release|Any CPU.ActiveCfg = Release|Any CPU
		{C99C0CE6-1D38-44F9-8C73-D9CB3E0F05CD}.Release|Any CPU.Build.0 = Release|Any CPU
		{C08697AF-EC03-423C-A3F1-1DEC9D1F49F2}.Debug|Any CPU.ActiveCfg = Debug|Any CPU
		{C08697AF-EC03-423C-A3F1-1DEC9D1F49F2}.Debug|Any CPU.Build.0 = Debug|Any CPU
		{C08697AF-EC03-423C-A3F1-1DEC9D1F49F2}.Release|Any CPU.ActiveCfg = Release|Any CPU
		{C08697AF-EC03-423C-A3F1-1DEC9D1F49F2}.Release|Any CPU.Build.0 = Release|Any CPU
	EndGlobalSection
	GlobalSection(SolutionProperties) = preSolution
		HideSolutionNode = FALSE
	EndGlobalSection
	GlobalSection(NestedProjects) = preSolution
		{38348B4F-EEFA-47BB-A484-C709AE5CD037} = {AD9302A1-7ED8-48F0-805F-392F9FA90143}
		{0765F279-4E84-46A9-946D-D39FD507A433} = {F4821C9F-C6B5-4147-B2D5-57C7DE473C21}
		{C99C0CE6-1D38-44F9-8C73-D9CB3E0F05CD} = {4DBF4A9A-ADE8-4B73-945C-FEE6ADF83199}
		{C08697AF-EC03-423C-A3F1-1DEC9D1F49F2} = {F4821C9F-C6B5-4147-B2D5-57C7DE473C21}
	EndGlobalSection
	GlobalSection(ExtensibilityGlobals) = postSolution
		SolutionGuid = {EC544335-5FBF-4123-9225-066AA7019530}
	EndGlobalSection
EndGlobal
